{
  "name": "iframe-resizer-react",
  "version": "5.1.5",
  "lockfileVersion": 3,
  "requires": true,
  "packages": {
    "": {
      "name": "iframe-resizer-react",
      "version": "5.1.5",
      "license": "GPL-3.0-only",
      "dependencies": {
        "@iframe-resizer/react": "^5.4.0"
      },
      "engines": {
        "node": ">=16",
        "npm": ">=5"
      },
      "funding": {
        "type": "individual",
        "url": "https://iframe-resizer.com/pricing/"
      },
      "peerDependencies": {
        "react": "^16.13.1 || >= 18.0.0",
        "react-dom": "^16.13.1 || >= 18.0.0"
      }
    },
    "node_modules/@babel/runtime": {
      "version": "7.27.1",
      "resolved": "https://registry.npmjs.org/@babel/runtime/-/runtime-7.27.1.tgz",
      "integrity": "sha512-1x3D2xEk2fRo3PAhwQwu5UubzgiVWSXTBfWpVd2Mx2AzRqJuDJCsgaDVZ7HB5iGzDW1Hl1sWN2mFyKjmR9uAog==",
      "license": "MIT",
      "engines": {
        "node": ">=6.9.0"
      }
    },
    "node_modules/@iframe-resizer/core": {
      "version": "5.4.0",
      "resolved": "https://registry.npmjs.org/@iframe-resizer/core/-/core-5.4.0.tgz",
      "integrity": "sha512-qV30TR7HNKzbDeZH3WcgpDBd+FkNq1/niaHHVxp7OLzsd0H7IT4YMYq6m+Ozbf05qExcgWaX4TY3zwHPiBDNPQ==",
      "license": "GPL-3.0",
      "dependencies": {
        "auto-console-group": "1.2.0"
      },
      "funding": {
        "type": "individual",
        "url": "https://iframe-resizer.com/pricing/"
      }
    },
    "node_modules/@iframe-resizer/react": {
      "version": "5.4.0",
      "resolved": "https://registry.npmjs.org/@iframe-resizer/react/-/react-5.4.0.tgz",
      "integrity": "sha512-213aUovfyxOzyPpPF3s4xcoeu1v4FS9gWsCuZZmbl0cz5tjqGexbBYNxzfmy2eYs6G35t91LWUN2yisSXnX/Lw==",
      "license": "GPL-3.0",
      "dependencies": {
        "@babel/runtime": "^7.27.0",
        "@iframe-resizer/core": "5.4.0"
      },
      "funding": {
        "type": "individual",
        "url": "https://iframe-resizer.com/pricing/"
      },
      "peerDependencies": {
        "react": "^16.8.0 || ^17.0.0 || ^18.0.0  || ^19.0.0",
        "react-dom": "^16.8.0 || ^17.0.0 || ^18.0.0  || ^19.0.0"
      }
    },
    "node_modules/auto-console-group": {
      "version": "1.2.0",
      "resolved": "https://registry.npmjs.org/auto-console-group/-/auto-console-group-1.2.0.tgz",
      "integrity": "sha512-VhzgH1PDXGQP2kBkd/qBTQbKhdCbJcVNGxGiWXkWCnNpQ7RUsCtsWpNZXq9EGPHF9E/cK/qfC4qhg68ySDhexw==",
      "license": "MIT"
    },
    "node_modules/js-tokens": {
      "version": "4.0.0",
      "resolved": "https://registry.npmjs.org/js-tokens/-/js-tokens-4.0.0.tgz",
      "integrity": "sha512-RdJUflcE3cUzKiMqQgsCu06FPu9UdIJO0beYbPhHN4k6apgJtifcoCtT9bcxOpYBtpD2kCM6Sbzg4CausW/PKQ==",
      "license": "MIT",
      "peer": true
    },
    "node_modules/loose-envify": {
      "version": "1.4.0",
      "resolved": "https://registry.npmjs.org/loose-envify/-/loose-envify-1.4.0.tgz",
      "integrity": "sha512-lyuxPGr/Wfhrlem2CL/UcnUc1zcqKAImBDzukY7Y5F/yQiNdko6+fRLevlw1HgMySw7f611UIY408EtxRSoK3Q==",
      "license": "MIT",
      "peer": true,
      "dependencies": {
        "js-tokens": "^3.0.0 || ^4.0.0"
      },
      "bin": {
        "loose-envify": "cli.js"
      }
    },
    "node_modules/react": {
      "version": "18.3.1",
      "resolved": "https://registry.npmjs.org/react/-/react-18.3.1.tgz",
      "integrity": "sha512-wS+hAgJShR0KhEvPJArfuPVN1+Hz1t0Y6n5jLrGQbkb4urgPE/0Rve+1kMB1v/oWgHgm4WIcV+i7F2pTVj+2iQ==",
      "license": "MIT",
      "peer": true,
      "dependencies": {
        "loose-envify": "^1.1.0"
      },
      "engines": {
        "node": ">=0.10.0"
      }
    },
    "node_modules/react-dom": {
      "version": "18.3.1",
      "resolved": "https://registry.npmjs.org/react-dom/-/react-dom-18.3.1.tgz",
      "integrity": "sha512-5m4nQKp+rZRb09LNH59GM4BxTh9251/ylbKIbpe7TpGxfJ+9kv6BLkLBXIjjspbgbnIBNqlI23tRnTWT0snUIw==",
      "license": "MIT",
      "peer": true,
      "dependencies": {
        "loose-envify": "^1.1.0",
        "scheduler": "^0.23.2"
      },
      "peerDependencies": {
        "react": "^18.3.1"
      }
    },
    "node_modules/scheduler": {
      "version": "0.23.2",
      "resolved": "https://registry.npmjs.org/scheduler/-/scheduler-0.23.2.tgz",
      "integrity": "sha512-UOShsPwz7NrMUqhR6t0hWjFduvOzbtv7toDH1/hIrfRNIDBnnBWd0CwJTGvTpngVlmwGCdP9/Zl/tVrDqcuYzQ==",
      "license": "MIT",
      "peer": true,
      "dependencies": {
        "loose-envify": "^1.1.0"
      }
    }
  }
}
